
Microsoft Visual Studio Solution File, Format Version 12.00
# Visual Studio Version 17
VisualStudioVersion = 17.13.35919.96 d17.13
MinimumVisualStudioVersion = 10.0.40219.1
Project("{FAE04EC0-301F-11D3-BF4B-00C04F79EFBC}") = "student", "student.csproj", "{C782A870-D17C-4345-8E62-ACFE68FD524C}"
EndProject
Global
	GlobalSection(SolutionConfigurationPlatforms) = preSolution
		Debug|Any CPU = Debug|Any CPU
		Release|Any CPU = Release|Any CPU
	EndGlobalSection
	GlobalSection(ProjectConfigurationPlatforms) = postSolution
		{C782A870-D17C-4345-8E62-ACFE68FD524C}.Debug|Any CPU.ActiveCfg = Debug|Any CPU
		{C782A870-D17C-4345-8E62-ACFE68FD524C}.Debug|Any CPU.Build.0 = Debug|Any CPU
		{C782A870-D17C-4345-8E62-ACFE68FD524C}.Release|Any CPU.ActiveCfg = Release|Any CPU
		{C782A870-D17C-4345-8E62-ACFE68FD524C}.Release|Any CPU.Build.0 = Release|Any CPU
	EndGlobalSection
	GlobalSection(SolutionProperties) = preSolution
		HideSolutionNode = FALSE
	EndGlobalSection
	GlobalSection(ExtensibilityGlobals) = postSolution
		SolutionGuid = {B104E559-25AE-4BD7-AD82-12C7D630B98B}
	EndGlobalSection
EndGlobal
